
Microsoft Visual Studio Solution File, Format Version 12.00
# Visual Studio 15
VisualStudioVersion = 15.0.28307.421
MinimumVisualStudioVersion = 10.0.40219.1
Project("{FAE04EC0-301F-11D3-BF4B-00C04F79EFBC}") = "ExceptionInSequence", "ExceptionInSequence\ExceptionInSequence.csproj", "{C023548A-B5C3-4034-A931-4DA437A2A072}"
EndProject
Project("{FAE04EC0-301F-11D3-BF4B-00C04F79EFBC}") = "EmployeeLib", "EmployeeLib\EmployeeLib.csproj", "{D83F26DE-1F1A-4A4D-8159-9948502C2EE0}"
EndProject
Project("{FAE04EC0-301F-11D3-BF4B-00C04F79EFBC}") = "SumupSalary", "SumupSalary\SumupSalary.csproj", "{95963EF9-F352-4104-8613-36ADB423D842}"
EndProject
Global
	GlobalSection(SolutionConfigurationPlatforms) = preSolution
		Debug|Any CPU = Debug|Any CPU
		Release|Any CPU = Release|Any CPU
	EndGlobalSection
	GlobalSection(ProjectConfigurationPlatforms) = postSolution
		{C023548A-B5C3-4034-A931-4DA437A2A072}.Debug|Any CPU.ActiveCfg = Debug|Any CPU
		{C023548A-B5C3-4034-A931-4DA437A2A072}.Debug|Any CPU.Build.0 = Debug|Any CPU
		{C023548A-B5C3-4034-A931-4DA437A2A072}.Release|Any CPU.ActiveCfg = Release|Any CPU
		{C023548A-B5C3-4034-A931-4DA437A2A072}.Release|Any CPU.Build.0 = Release|Any CPU
		{D83F26DE-1F1A-4A4D-8159-9948502C2EE0}.Debug|Any CPU.ActiveCfg = Debug|Any CPU
		{D83F26DE-1F1A-4A4D-8159-9948502C2EE0}.Debug|Any CPU.Build.0 = Debug|Any CPU
		{D83F26DE-1F1A-4A4D-8159-9948502C2EE0}.Release|Any CPU.ActiveCfg = Release|Any CPU
		{D83F26DE-1F1A-4A4D-8159-9948502C2EE0}.Release|Any CPU.Build.0 = Release|Any CPU
		{95963EF9-F352-4104-8613-36ADB423D842}.Debug|Any CPU.ActiveCfg = Debug|Any CPU
		{95963EF9-F352-4104-8613-36ADB423D842}.Debug|Any CPU.Build.0 = Debug|Any CPU
		{95963EF9-F352-4104-8613-36ADB423D842}.Release|Any CPU.ActiveCfg = Release|Any CPU
		{95963EF9-F352-4104-8613-36ADB423D842}.Release|Any CPU.Build.0 = Release|Any CPU
	EndGlobalSection
	GlobalSection(SolutionProperties) = preSolution
		HideSolutionNode = FALSE
	EndGlobalSection
	GlobalSection(ExtensibilityGlobals) = postSolution
		SolutionGuid = {7D2280C1-7FEA-426E-B086-6820A6FCDC43}
	EndGlobalSection
EndGlobal
