
Microsoft Visual Studio Solution File, Format Version 12.00
# Visual Studio 15
VisualStudioVersion = 15.0.28307.421
MinimumVisualStudioVersion = 10.0.40219.1
Project("{FAE04EC0-301F-11D3-BF4B-00C04F79EFBC}") = "Closure", "Closure\Closure.csproj", "{E562850A-87B9-4671-A7A3-F708D08836AE}"
EndProject
Global
	GlobalSection(SolutionConfigurationPlatforms) = preSolution
		Debug|Any CPU = Debug|Any CPU
		Release|Any CPU = Release|Any CPU
	EndGlobalSection
	GlobalSection(ProjectConfigurationPlatforms) = postSolution
		{E562850A-87B9-4671-A7A3-F708D08836AE}.Debug|Any CPU.ActiveCfg = Debug|Any CPU
		{E562850A-87B9-4671-A7A3-F708D08836AE}.Debug|Any CPU.Build.0 = Debug|Any CPU
		{E562850A-87B9-4671-A7A3-F708D08836AE}.Release|Any CPU.ActiveCfg = Release|Any CPU
		{E562850A-87B9-4671-A7A3-F708D08836AE}.Release|Any CPU.Build.0 = Release|Any CPU
	EndGlobalSection
	GlobalSection(SolutionProperties) = preSolution
		HideSolutionNode = FALSE
	EndGlobalSection
	GlobalSection(ExtensibilityGlobals) = postSolution
		SolutionGuid = {34C22ECC-2E98-4BD4-95B8-E612BF5BF6FC}
	EndGlobalSection
EndGlobal
