
Microsoft Visual Studio Solution File, Format Version 12.00
# Visual Studio 15
VisualStudioVersion = 15.0.28307.421
MinimumVisualStudioVersion = 10.0.40219.1
Project("{FAE04EC0-301F-11D3-BF4B-00C04F79EFBC}") = "Closure", "Closure\Closure.csproj", "{E562850A-87B9-4671-A7A3-F708D08836AE}"
EndProject
Project("{FAE04EC0-301F-11D3-BF4B-00C04F79EFBC}") = "EnumerableCSV", "EnumerableCSV\EnumerableCSV.csproj", "{0C3658C0-DF22-4A7C-9CD4-F289746F0D2D}"
EndProject
Project("{FAE04EC0-301F-11D3-BF4B-00C04F79EFBC}") = "ParseCSVFile", "ParseCSVFile\ParseCSVFile.csproj", "{453B3BF5-A87C-49B1-B36D-5177845DCED9}"
EndProject
Project("{FAE04EC0-301F-11D3-BF4B-00C04F79EFBC}") = "DisposableClosure", "DisposableClosure\DisposableClosure.csproj", "{A51002C6-A9F5-429C-BEE7-384E39FDE0D4}"
EndProject
Project("{FAE04EC0-301F-11D3-BF4B-00C04F79EFBC}") = "AlgorithmCallback", "AlgorithmCallback\AlgorithmCallback.csproj", "{B8949B49-DEE2-4F5B-B31E-8C4B4669243B}"
EndProject
Project("{FAE04EC0-301F-11D3-BF4B-00C04F79EFBC}") = "ExpensiveClosure", "ExpensiveClosure\ExpensiveClosure.csproj", "{68095B27-6E90-447D-82F0-55F84F84D4B1}"
EndProject
Project("{FAE04EC0-301F-11D3-BF4B-00C04F79EFBC}") = "ClosureSharedBy2Queries", "ClosureSharedBy2Queries\ClosureSharedBy2Queries.csproj", "{9205AADF-2B72-48B9-B707-5EB41F39F970}"
EndProject
Project("{FAE04EC0-301F-11D3-BF4B-00C04F79EFBC}") = "AnotherSequence", "AnotherSequence\AnotherSequence.csproj", "{6F1C9830-F58E-493E-AEBB-912C390CD4D8}"
EndProject
Global
	GlobalSection(SolutionConfigurationPlatforms) = preSolution
		Debug|Any CPU = Debug|Any CPU
		Release|Any CPU = Release|Any CPU
	EndGlobalSection
	GlobalSection(ProjectConfigurationPlatforms) = postSolution
		{E562850A-87B9-4671-A7A3-F708D08836AE}.Debug|Any CPU.ActiveCfg = Debug|Any CPU
		{E562850A-87B9-4671-A7A3-F708D08836AE}.Debug|Any CPU.Build.0 = Debug|Any CPU
		{E562850A-87B9-4671-A7A3-F708D08836AE}.Release|Any CPU.ActiveCfg = Release|Any CPU
		{E562850A-87B9-4671-A7A3-F708D08836AE}.Release|Any CPU.Build.0 = Release|Any CPU
		{0C3658C0-DF22-4A7C-9CD4-F289746F0D2D}.Debug|Any CPU.ActiveCfg = Debug|Any CPU
		{0C3658C0-DF22-4A7C-9CD4-F289746F0D2D}.Debug|Any CPU.Build.0 = Debug|Any CPU
		{0C3658C0-DF22-4A7C-9CD4-F289746F0D2D}.Release|Any CPU.ActiveCfg = Release|Any CPU
		{0C3658C0-DF22-4A7C-9CD4-F289746F0D2D}.Release|Any CPU.Build.0 = Release|Any CPU
		{453B3BF5-A87C-49B1-B36D-5177845DCED9}.Debug|Any CPU.ActiveCfg = Debug|Any CPU
		{453B3BF5-A87C-49B1-B36D-5177845DCED9}.Debug|Any CPU.Build.0 = Debug|Any CPU
		{453B3BF5-A87C-49B1-B36D-5177845DCED9}.Release|Any CPU.ActiveCfg = Release|Any CPU
		{453B3BF5-A87C-49B1-B36D-5177845DCED9}.Release|Any CPU.Build.0 = Release|Any CPU
		{A51002C6-A9F5-429C-BEE7-384E39FDE0D4}.Debug|Any CPU.ActiveCfg = Debug|Any CPU
		{A51002C6-A9F5-429C-BEE7-384E39FDE0D4}.Debug|Any CPU.Build.0 = Debug|Any CPU
		{A51002C6-A9F5-429C-BEE7-384E39FDE0D4}.Release|Any CPU.ActiveCfg = Release|Any CPU
		{A51002C6-A9F5-429C-BEE7-384E39FDE0D4}.Release|Any CPU.Build.0 = Release|Any CPU
		{B8949B49-DEE2-4F5B-B31E-8C4B4669243B}.Debug|Any CPU.ActiveCfg = Debug|Any CPU
		{B8949B49-DEE2-4F5B-B31E-8C4B4669243B}.Debug|Any CPU.Build.0 = Debug|Any CPU
		{B8949B49-DEE2-4F5B-B31E-8C4B4669243B}.Release|Any CPU.ActiveCfg = Release|Any CPU
		{B8949B49-DEE2-4F5B-B31E-8C4B4669243B}.Release|Any CPU.Build.0 = Release|Any CPU
		{68095B27-6E90-447D-82F0-55F84F84D4B1}.Debug|Any CPU.ActiveCfg = Debug|Any CPU
		{68095B27-6E90-447D-82F0-55F84F84D4B1}.Debug|Any CPU.Build.0 = Debug|Any CPU
		{68095B27-6E90-447D-82F0-55F84F84D4B1}.Release|Any CPU.ActiveCfg = Release|Any CPU
		{68095B27-6E90-447D-82F0-55F84F84D4B1}.Release|Any CPU.Build.0 = Release|Any CPU
		{9205AADF-2B72-48B9-B707-5EB41F39F970}.Debug|Any CPU.ActiveCfg = Debug|Any CPU
		{9205AADF-2B72-48B9-B707-5EB41F39F970}.Debug|Any CPU.Build.0 = Debug|Any CPU
		{9205AADF-2B72-48B9-B707-5EB41F39F970}.Release|Any CPU.ActiveCfg = Release|Any CPU
		{9205AADF-2B72-48B9-B707-5EB41F39F970}.Release|Any CPU.Build.0 = Release|Any CPU
		{6F1C9830-F58E-493E-AEBB-912C390CD4D8}.Debug|Any CPU.ActiveCfg = Debug|Any CPU
		{6F1C9830-F58E-493E-AEBB-912C390CD4D8}.Debug|Any CPU.Build.0 = Debug|Any CPU
		{6F1C9830-F58E-493E-AEBB-912C390CD4D8}.Release|Any CPU.ActiveCfg = Release|Any CPU
		{6F1C9830-F58E-493E-AEBB-912C390CD4D8}.Release|Any CPU.Build.0 = Release|Any CPU
	EndGlobalSection
	GlobalSection(SolutionProperties) = preSolution
		HideSolutionNode = FALSE
	EndGlobalSection
	GlobalSection(ExtensibilityGlobals) = postSolution
		SolutionGuid = {34C22ECC-2E98-4BD4-95B8-E612BF5BF6FC}
	EndGlobalSection
EndGlobal
