
Microsoft Visual Studio Solution File, Format Version 12.00
# Visual Studio 15
VisualStudioVersion = 15.0.28307.421
MinimumVisualStudioVersion = 10.0.40219.1
Project("{FAE04EC0-301F-11D3-BF4B-00C04F79EFBC}") = "CallEventHandler", "CallEventHandler\CallEventHandler.csproj", "{47B8AE35-03FF-4EEE-B975-A89501CC6C6F}"
EndProject
Project("{FAE04EC0-301F-11D3-BF4B-00C04F79EFBC}") = "CheckNullHandler", "CheckNullHandler\CheckNullHandler.csproj", "{C29EF53A-C014-466B-81C1-94663E186DEA}"
EndProject
Global
	GlobalSection(SolutionConfigurationPlatforms) = preSolution
		Debug|Any CPU = Debug|Any CPU
		Release|Any CPU = Release|Any CPU
	EndGlobalSection
	GlobalSection(ProjectConfigurationPlatforms) = postSolution
		{47B8AE35-03FF-4EEE-B975-A89501CC6C6F}.Debug|Any CPU.ActiveCfg = Debug|Any CPU
		{47B8AE35-03FF-4EEE-B975-A89501CC6C6F}.Debug|Any CPU.Build.0 = Debug|Any CPU
		{47B8AE35-03FF-4EEE-B975-A89501CC6C6F}.Release|Any CPU.ActiveCfg = Release|Any CPU
		{47B8AE35-03FF-4EEE-B975-A89501CC6C6F}.Release|Any CPU.Build.0 = Release|Any CPU
		{C29EF53A-C014-466B-81C1-94663E186DEA}.Debug|Any CPU.ActiveCfg = Debug|Any CPU
		{C29EF53A-C014-466B-81C1-94663E186DEA}.Debug|Any CPU.Build.0 = Debug|Any CPU
		{C29EF53A-C014-466B-81C1-94663E186DEA}.Release|Any CPU.ActiveCfg = Release|Any CPU
		{C29EF53A-C014-466B-81C1-94663E186DEA}.Release|Any CPU.Build.0 = Release|Any CPU
	EndGlobalSection
	GlobalSection(SolutionProperties) = preSolution
		HideSolutionNode = FALSE
	EndGlobalSection
	GlobalSection(ExtensibilityGlobals) = postSolution
		SolutionGuid = {9ADA2337-DAD0-49E3-B4CE-6716363A8F8C}
	EndGlobalSection
EndGlobal
