
Microsoft Visual Studio Solution File, Format Version 12.00
# Visual Studio 15
VisualStudioVersion = 15.0.28307.421
MinimumVisualStudioVersion = 10.0.40219.1
Project("{FAE04EC0-301F-11D3-BF4B-00C04F79EFBC}") = "TypeInference", "TypeInference\TypeInference.csproj", "{B01B4DC2-FD5D-4951-9DD4-8F20A93BFB1B}"
EndProject
Global
	GlobalSection(SolutionConfigurationPlatforms) = preSolution
		Debug|Any CPU = Debug|Any CPU
		Release|Any CPU = Release|Any CPU
	EndGlobalSection
	GlobalSection(ProjectConfigurationPlatforms) = postSolution
		{B01B4DC2-FD5D-4951-9DD4-8F20A93BFB1B}.Debug|Any CPU.ActiveCfg = Debug|Any CPU
		{B01B4DC2-FD5D-4951-9DD4-8F20A93BFB1B}.Debug|Any CPU.Build.0 = Debug|Any CPU
		{B01B4DC2-FD5D-4951-9DD4-8F20A93BFB1B}.Release|Any CPU.ActiveCfg = Release|Any CPU
		{B01B4DC2-FD5D-4951-9DD4-8F20A93BFB1B}.Release|Any CPU.Build.0 = Release|Any CPU
	EndGlobalSection
	GlobalSection(SolutionProperties) = preSolution
		HideSolutionNode = FALSE
	EndGlobalSection
	GlobalSection(ExtensibilityGlobals) = postSolution
		SolutionGuid = {1B530AF0-080B-46A3-83D1-C4A9165B373E}
	EndGlobalSection
EndGlobal
