
Microsoft Visual Studio Solution File, Format Version 12.00
# Visual Studio 15
VisualStudioVersion = 15.0.28307.421
MinimumVisualStudioVersion = 10.0.40219.1
Project("{FAE04EC0-301F-11D3-BF4B-00C04F79EFBC}") = "DelegateAsFuncArg", "DelegateAsFuncArg\DelegateAsFuncArg.csproj", "{474C7E5C-99C6-41AF-A36F-F92591D7B471}"
EndProject
Project("{FAE04EC0-301F-11D3-BF4B-00C04F79EFBC}") = "InterfaceAsFuncArg", "InterfaceAsFuncArg\InterfaceAsFuncArg.csproj", "{0DB03B4A-3EA5-40D9-A295-23B9609B198F}"
EndProject
Project("{FAE04EC0-301F-11D3-BF4B-00C04F79EFBC}") = "DelegateAsSequenceAlgorithm", "DelegateAsSequenceAlgorithm\DelegateAsSequenceAlgorithm.csproj", "{E12BF72D-15D1-489D-BD9F-544666575912}"
EndProject
Project("{FAE04EC0-301F-11D3-BF4B-00C04F79EFBC}") = "DelegateAsField", "DelegateAsField\DelegateAsField.csproj", "{14074BC6-A39A-427D-A465-B399CEC25AE1}"
EndProject
Project("{FAE04EC0-301F-11D3-BF4B-00C04F79EFBC}") = "NonGenericInputCollection", "NonGenericInputCollection\NonGenericInputCollection.csproj", "{A9591952-1CC2-4747-9994-17C7EF9A24A0}"
EndProject
Global
	GlobalSection(SolutionConfigurationPlatforms) = preSolution
		Debug|Any CPU = Debug|Any CPU
		Release|Any CPU = Release|Any CPU
	EndGlobalSection
	GlobalSection(ProjectConfigurationPlatforms) = postSolution
		{474C7E5C-99C6-41AF-A36F-F92591D7B471}.Debug|Any CPU.ActiveCfg = Debug|Any CPU
		{474C7E5C-99C6-41AF-A36F-F92591D7B471}.Debug|Any CPU.Build.0 = Debug|Any CPU
		{474C7E5C-99C6-41AF-A36F-F92591D7B471}.Release|Any CPU.ActiveCfg = Release|Any CPU
		{474C7E5C-99C6-41AF-A36F-F92591D7B471}.Release|Any CPU.Build.0 = Release|Any CPU
		{0DB03B4A-3EA5-40D9-A295-23B9609B198F}.Debug|Any CPU.ActiveCfg = Debug|Any CPU
		{0DB03B4A-3EA5-40D9-A295-23B9609B198F}.Debug|Any CPU.Build.0 = Debug|Any CPU
		{0DB03B4A-3EA5-40D9-A295-23B9609B198F}.Release|Any CPU.ActiveCfg = Release|Any CPU
		{0DB03B4A-3EA5-40D9-A295-23B9609B198F}.Release|Any CPU.Build.0 = Release|Any CPU
		{E12BF72D-15D1-489D-BD9F-544666575912}.Debug|Any CPU.ActiveCfg = Debug|Any CPU
		{E12BF72D-15D1-489D-BD9F-544666575912}.Debug|Any CPU.Build.0 = Debug|Any CPU
		{E12BF72D-15D1-489D-BD9F-544666575912}.Release|Any CPU.ActiveCfg = Release|Any CPU
		{E12BF72D-15D1-489D-BD9F-544666575912}.Release|Any CPU.Build.0 = Release|Any CPU
		{14074BC6-A39A-427D-A465-B399CEC25AE1}.Debug|Any CPU.ActiveCfg = Debug|Any CPU
		{14074BC6-A39A-427D-A465-B399CEC25AE1}.Debug|Any CPU.Build.0 = Debug|Any CPU
		{14074BC6-A39A-427D-A465-B399CEC25AE1}.Release|Any CPU.ActiveCfg = Release|Any CPU
		{14074BC6-A39A-427D-A465-B399CEC25AE1}.Release|Any CPU.Build.0 = Release|Any CPU
		{A9591952-1CC2-4747-9994-17C7EF9A24A0}.Debug|Any CPU.ActiveCfg = Debug|Any CPU
		{A9591952-1CC2-4747-9994-17C7EF9A24A0}.Debug|Any CPU.Build.0 = Debug|Any CPU
		{A9591952-1CC2-4747-9994-17C7EF9A24A0}.Release|Any CPU.ActiveCfg = Release|Any CPU
		{A9591952-1CC2-4747-9994-17C7EF9A24A0}.Release|Any CPU.Build.0 = Release|Any CPU
	EndGlobalSection
	GlobalSection(SolutionProperties) = preSolution
		HideSolutionNode = FALSE
	EndGlobalSection
	GlobalSection(ExtensibilityGlobals) = postSolution
		SolutionGuid = {1700BF4F-DCCD-4A09-BD80-3E8980E159E0}
	EndGlobalSection
EndGlobal
