
Microsoft Visual Studio Solution File, Format Version 12.00
# Visual Studio 15
VisualStudioVersion = 15.0.28307.421
MinimumVisualStudioVersion = 10.0.40219.1
Project("{FAE04EC0-301F-11D3-BF4B-00C04F79EFBC}") = "IteratorMethod", "IteratorMethod\IteratorMethod.csproj", "{3546E8F0-A900-4DB1-BAD1-29204746A955}"
EndProject
Project("{FAE04EC0-301F-11D3-BF4B-00C04F79EFBC}") = "EnumerableRange", "EnumerableRange\EnumerableRange.csproj", "{F49F1BFD-1946-48B9-8C79-2A96D3DE84E3}"
EndProject
Project("{FAE04EC0-301F-11D3-BF4B-00C04F79EFBC}") = "IteratorMethodWithArguments", "IteratorMethodWithArguments\IteratorMethodWithArguments.csproj", "{FE1EF3F3-F757-43B8-ABC7-CA385C768558}"
EndProject
Project("{FAE04EC0-301F-11D3-BF4B-00C04F79EFBC}") = "SeparateErrorCheck", "SeparateErrorCheck\SeparateErrorCheck.csproj", "{000EDDF4-26AB-4CB1-B1C2-E86C2D3F0043}"
EndProject
Global
	GlobalSection(SolutionConfigurationPlatforms) = preSolution
		Debug|Any CPU = Debug|Any CPU
		Release|Any CPU = Release|Any CPU
	EndGlobalSection
	GlobalSection(ProjectConfigurationPlatforms) = postSolution
		{3546E8F0-A900-4DB1-BAD1-29204746A955}.Debug|Any CPU.ActiveCfg = Debug|Any CPU
		{3546E8F0-A900-4DB1-BAD1-29204746A955}.Debug|Any CPU.Build.0 = Debug|Any CPU
		{3546E8F0-A900-4DB1-BAD1-29204746A955}.Release|Any CPU.ActiveCfg = Release|Any CPU
		{3546E8F0-A900-4DB1-BAD1-29204746A955}.Release|Any CPU.Build.0 = Release|Any CPU
		{F49F1BFD-1946-48B9-8C79-2A96D3DE84E3}.Debug|Any CPU.ActiveCfg = Debug|Any CPU
		{F49F1BFD-1946-48B9-8C79-2A96D3DE84E3}.Debug|Any CPU.Build.0 = Debug|Any CPU
		{F49F1BFD-1946-48B9-8C79-2A96D3DE84E3}.Release|Any CPU.ActiveCfg = Release|Any CPU
		{F49F1BFD-1946-48B9-8C79-2A96D3DE84E3}.Release|Any CPU.Build.0 = Release|Any CPU
		{FE1EF3F3-F757-43B8-ABC7-CA385C768558}.Debug|Any CPU.ActiveCfg = Debug|Any CPU
		{FE1EF3F3-F757-43B8-ABC7-CA385C768558}.Debug|Any CPU.Build.0 = Debug|Any CPU
		{FE1EF3F3-F757-43B8-ABC7-CA385C768558}.Release|Any CPU.ActiveCfg = Release|Any CPU
		{FE1EF3F3-F757-43B8-ABC7-CA385C768558}.Release|Any CPU.Build.0 = Release|Any CPU
		{000EDDF4-26AB-4CB1-B1C2-E86C2D3F0043}.Debug|Any CPU.ActiveCfg = Debug|Any CPU
		{000EDDF4-26AB-4CB1-B1C2-E86C2D3F0043}.Debug|Any CPU.Build.0 = Debug|Any CPU
		{000EDDF4-26AB-4CB1-B1C2-E86C2D3F0043}.Release|Any CPU.ActiveCfg = Release|Any CPU
		{000EDDF4-26AB-4CB1-B1C2-E86C2D3F0043}.Release|Any CPU.Build.0 = Release|Any CPU
	EndGlobalSection
	GlobalSection(SolutionProperties) = preSolution
		HideSolutionNode = FALSE
	EndGlobalSection
	GlobalSection(ExtensibilityGlobals) = postSolution
		SolutionGuid = {E0A00BB0-A1C7-440A-9896-668440B0085D}
	EndGlobalSection
EndGlobal
