
Microsoft Visual Studio Solution File, Format Version 12.00
# Visual Studio 15
VisualStudioVersion = 15.0.28307.421
MinimumVisualStudioVersion = 10.0.40219.1
Project("{FAE04EC0-301F-11D3-BF4B-00C04F79EFBC}") = "DisposableClassTree", "DisposableClassTree\DisposableClassTree.csproj", "{64B7FB0A-A6A7-4CBE-9AF7-B5C18527A5FF}"
EndProject
Project("{FAE04EC0-301F-11D3-BF4B-00C04F79EFBC}") = "FinalizeDisposableTree", "FinalizeDisposableTree\FinalizeDisposableTree.csproj", "{1EB984C1-5B97-4618-8CFC-1C8E59B85E9A}"
EndProject
Project("{FAE04EC0-301F-11D3-BF4B-00C04F79EFBC}") = "DisposeNestedDisposable", "DisposeNestedDisposable\DisposeNestedDisposable.csproj", "{DCF24F82-437D-4816-94FC-EDDF3BA51E9C}"
EndProject
Global
	GlobalSection(SolutionConfigurationPlatforms) = preSolution
		Debug|Any CPU = Debug|Any CPU
		Release|Any CPU = Release|Any CPU
	EndGlobalSection
	GlobalSection(ProjectConfigurationPlatforms) = postSolution
		{64B7FB0A-A6A7-4CBE-9AF7-B5C18527A5FF}.Debug|Any CPU.ActiveCfg = Debug|Any CPU
		{64B7FB0A-A6A7-4CBE-9AF7-B5C18527A5FF}.Debug|Any CPU.Build.0 = Debug|Any CPU
		{64B7FB0A-A6A7-4CBE-9AF7-B5C18527A5FF}.Release|Any CPU.ActiveCfg = Release|Any CPU
		{64B7FB0A-A6A7-4CBE-9AF7-B5C18527A5FF}.Release|Any CPU.Build.0 = Release|Any CPU
		{1EB984C1-5B97-4618-8CFC-1C8E59B85E9A}.Debug|Any CPU.ActiveCfg = Debug|Any CPU
		{1EB984C1-5B97-4618-8CFC-1C8E59B85E9A}.Debug|Any CPU.Build.0 = Debug|Any CPU
		{1EB984C1-5B97-4618-8CFC-1C8E59B85E9A}.Release|Any CPU.ActiveCfg = Release|Any CPU
		{1EB984C1-5B97-4618-8CFC-1C8E59B85E9A}.Release|Any CPU.Build.0 = Release|Any CPU
		{DCF24F82-437D-4816-94FC-EDDF3BA51E9C}.Debug|Any CPU.ActiveCfg = Debug|Any CPU
		{DCF24F82-437D-4816-94FC-EDDF3BA51E9C}.Debug|Any CPU.Build.0 = Debug|Any CPU
		{DCF24F82-437D-4816-94FC-EDDF3BA51E9C}.Release|Any CPU.ActiveCfg = Release|Any CPU
		{DCF24F82-437D-4816-94FC-EDDF3BA51E9C}.Release|Any CPU.Build.0 = Release|Any CPU
	EndGlobalSection
	GlobalSection(SolutionProperties) = preSolution
		HideSolutionNode = FALSE
	EndGlobalSection
	GlobalSection(ExtensibilityGlobals) = postSolution
		SolutionGuid = {2055298F-B8C1-4161-B525-CC318E41DABF}
	EndGlobalSection
EndGlobal
