
Microsoft Visual Studio Solution File, Format Version 12.00
# Visual Studio 15
VisualStudioVersion = 15.0.28307.421
MinimumVisualStudioVersion = 10.0.40219.1
Project("{FAE04EC0-301F-11D3-BF4B-00C04F79EFBC}") = "GenericAlgorithm", "GenericAlgorithm\GenericAlgorithm.csproj", "{BEC62BF0-B361-4CA0-9EF3-ADD40505D450}"
EndProject
Project("{FAE04EC0-301F-11D3-BF4B-00C04F79EFBC}") = "SpecializeGeneric", "SpecializeGeneric\SpecializeGeneric.csproj", "{666838F4-93FD-42C9-9F23-F8E32929C20F}"
EndProject
Project("{FAE04EC0-301F-11D3-BF4B-00C04F79EFBC}") = "SpecializeString", "SpecializeString\SpecializeString.csproj", "{9DF6BA10-7668-43C2-A7FD-24015F7FD7CF}"
EndProject
Global
	GlobalSection(SolutionConfigurationPlatforms) = preSolution
		Debug|Any CPU = Debug|Any CPU
		Release|Any CPU = Release|Any CPU
	EndGlobalSection
	GlobalSection(ProjectConfigurationPlatforms) = postSolution
		{BEC62BF0-B361-4CA0-9EF3-ADD40505D450}.Debug|Any CPU.ActiveCfg = Debug|Any CPU
		{BEC62BF0-B361-4CA0-9EF3-ADD40505D450}.Debug|Any CPU.Build.0 = Debug|Any CPU
		{BEC62BF0-B361-4CA0-9EF3-ADD40505D450}.Release|Any CPU.ActiveCfg = Release|Any CPU
		{BEC62BF0-B361-4CA0-9EF3-ADD40505D450}.Release|Any CPU.Build.0 = Release|Any CPU
		{666838F4-93FD-42C9-9F23-F8E32929C20F}.Debug|Any CPU.ActiveCfg = Debug|Any CPU
		{666838F4-93FD-42C9-9F23-F8E32929C20F}.Debug|Any CPU.Build.0 = Debug|Any CPU
		{666838F4-93FD-42C9-9F23-F8E32929C20F}.Release|Any CPU.ActiveCfg = Release|Any CPU
		{666838F4-93FD-42C9-9F23-F8E32929C20F}.Release|Any CPU.Build.0 = Release|Any CPU
		{9DF6BA10-7668-43C2-A7FD-24015F7FD7CF}.Debug|Any CPU.ActiveCfg = Debug|Any CPU
		{9DF6BA10-7668-43C2-A7FD-24015F7FD7CF}.Debug|Any CPU.Build.0 = Debug|Any CPU
		{9DF6BA10-7668-43C2-A7FD-24015F7FD7CF}.Release|Any CPU.ActiveCfg = Release|Any CPU
		{9DF6BA10-7668-43C2-A7FD-24015F7FD7CF}.Release|Any CPU.Build.0 = Release|Any CPU
	EndGlobalSection
	GlobalSection(SolutionProperties) = preSolution
		HideSolutionNode = FALSE
	EndGlobalSection
	GlobalSection(ExtensibilityGlobals) = postSolution
		SolutionGuid = {79F08BEA-7F67-43C9-B831-238D867C441C}
	EndGlobalSection
EndGlobal
