
Microsoft Visual Studio Solution File, Format Version 12.00
# Visual Studio 15
VisualStudioVersion = 15.0.28307.421
MinimumVisualStudioVersion = 10.0.40219.1
Project("{FAE04EC0-301F-11D3-BF4B-00C04F79EFBC}") = "PersonLib", "PersonLib\PersonLib.csproj", "{C0E06AB7-2260-4C43-B3E3-F2293BEE0FD9}"
EndProject
Project("{FAE04EC0-301F-11D3-BF4B-00C04F79EFBC}") = "OverloadExtension", "OverloadExtension\OverloadExtension.csproj", "{CBDB1A27-92B9-443F-8CA4-1915BA86E76C}"
EndProject
Project("{FAE04EC0-301F-11D3-BF4B-00C04F79EFBC}") = "StaticUtilityMethod", "StaticUtilityMethod\StaticUtilityMethod.csproj", "{C921C385-672A-4A32-ABF4-93E38C4F7DFD}"
EndProject
Global
	GlobalSection(SolutionConfigurationPlatforms) = preSolution
		Debug|Any CPU = Debug|Any CPU
		Release|Any CPU = Release|Any CPU
	EndGlobalSection
	GlobalSection(ProjectConfigurationPlatforms) = postSolution
		{C0E06AB7-2260-4C43-B3E3-F2293BEE0FD9}.Debug|Any CPU.ActiveCfg = Debug|Any CPU
		{C0E06AB7-2260-4C43-B3E3-F2293BEE0FD9}.Debug|Any CPU.Build.0 = Debug|Any CPU
		{C0E06AB7-2260-4C43-B3E3-F2293BEE0FD9}.Release|Any CPU.ActiveCfg = Release|Any CPU
		{C0E06AB7-2260-4C43-B3E3-F2293BEE0FD9}.Release|Any CPU.Build.0 = Release|Any CPU
		{CBDB1A27-92B9-443F-8CA4-1915BA86E76C}.Debug|Any CPU.ActiveCfg = Debug|Any CPU
		{CBDB1A27-92B9-443F-8CA4-1915BA86E76C}.Debug|Any CPU.Build.0 = Debug|Any CPU
		{CBDB1A27-92B9-443F-8CA4-1915BA86E76C}.Release|Any CPU.ActiveCfg = Release|Any CPU
		{CBDB1A27-92B9-443F-8CA4-1915BA86E76C}.Release|Any CPU.Build.0 = Release|Any CPU
		{C921C385-672A-4A32-ABF4-93E38C4F7DFD}.Debug|Any CPU.ActiveCfg = Debug|Any CPU
		{C921C385-672A-4A32-ABF4-93E38C4F7DFD}.Debug|Any CPU.Build.0 = Debug|Any CPU
		{C921C385-672A-4A32-ABF4-93E38C4F7DFD}.Release|Any CPU.ActiveCfg = Release|Any CPU
		{C921C385-672A-4A32-ABF4-93E38C4F7DFD}.Release|Any CPU.Build.0 = Release|Any CPU
	EndGlobalSection
	GlobalSection(SolutionProperties) = preSolution
		HideSolutionNode = FALSE
	EndGlobalSection
	GlobalSection(ExtensibilityGlobals) = postSolution
		SolutionGuid = {1C81A0AF-2692-4AD7-8449-CFD02170F75D}
	EndGlobalSection
EndGlobal
