
Microsoft Visual Studio Solution File, Format Version 12.00
# Visual Studio 15
VisualStudioVersion = 15.0.28307.421
MinimumVisualStudioVersion = 10.0.40219.1
Project("{FAE04EC0-301F-11D3-BF4B-00C04F79EFBC}") = "SingleMethod", "SingleMethod\SingleMethod.csproj", "{B70F2287-29E4-403E-B601-5962B1CA76A7}"
EndProject
Global
	GlobalSection(SolutionConfigurationPlatforms) = preSolution
		Debug|Any CPU = Debug|Any CPU
		Release|Any CPU = Release|Any CPU
	EndGlobalSection
	GlobalSection(ProjectConfigurationPlatforms) = postSolution
		{B70F2287-29E4-403E-B601-5962B1CA76A7}.Debug|Any CPU.ActiveCfg = Debug|Any CPU
		{B70F2287-29E4-403E-B601-5962B1CA76A7}.Debug|Any CPU.Build.0 = Debug|Any CPU
		{B70F2287-29E4-403E-B601-5962B1CA76A7}.Release|Any CPU.ActiveCfg = Release|Any CPU
		{B70F2287-29E4-403E-B601-5962B1CA76A7}.Release|Any CPU.Build.0 = Release|Any CPU
	EndGlobalSection
	GlobalSection(SolutionProperties) = preSolution
		HideSolutionNode = FALSE
	EndGlobalSection
	GlobalSection(ExtensibilityGlobals) = postSolution
		SolutionGuid = {C59AD6AC-7B63-47E6-8C56-183BC546C734}
	EndGlobalSection
EndGlobal
