
Microsoft Visual Studio Solution File, Format Version 12.00
# Visual Studio 15
VisualStudioVersion = 15.0.28307.421
MinimumVisualStudioVersion = 10.0.40219.1
Project("{FAE04EC0-301F-11D3-BF4B-00C04F79EFBC}") = "GenericInterfaceVersion", "GenericInterfaceVersion\GenericInterfaceVersion.csproj", "{D947085E-FE58-4438-9857-A4B56B634F82}"
EndProject
Project("{FAE04EC0-301F-11D3-BF4B-00C04F79EFBC}") = "CheckEqualityUtility", "CheckEqualityUtility\CheckEqualityUtility.csproj", "{CE19C7E3-08CB-4740-B665-C515E8BA94DF}"
EndProject
Project("{FAE04EC0-301F-11D3-BF4B-00C04F79EFBC}") = "OverloadCheckEquality", "OverloadCheckEquality\OverloadCheckEquality.csproj", "{3A03E05B-F259-4736-946D-7D14F7D1E8D4}"
EndProject
Project("{FAE04EC0-301F-11D3-BF4B-00C04F79EFBC}") = "OverrideObjectEquals", "OverrideObjectEquals\OverrideObjectEquals.csproj", "{36BC83A6-6ED3-48F8-891E-A25845CEF533}"
EndProject
Project("{FAE04EC0-301F-11D3-BF4B-00C04F79EFBC}") = "OverrideGetHashCode", "OverrideGetHashCode\OverrideGetHashCode.csproj", "{4043E9ED-34D4-4F8B-9C92-22883F9A2B38}"
EndProject
Project("{FAE04EC0-301F-11D3-BF4B-00C04F79EFBC}") = "OverloadEqualityOperators", "OverloadEqualityOperators\OverloadEqualityOperators.csproj", "{BDAD0947-72CE-494E-891A-E227BFA57FFA}"
EndProject
Project("{FAE04EC0-301F-11D3-BF4B-00C04F79EFBC}") = "ImplementsNonGenericIComparable", "ImplementsNonGenericIComparable\ImplementsNonGenericIComparable.csproj", "{B1E0EF0F-FA37-4BD8-AA1A-5834B8EDCB58}"
EndProject
Global
	GlobalSection(SolutionConfigurationPlatforms) = preSolution
		Debug|Any CPU = Debug|Any CPU
		Release|Any CPU = Release|Any CPU
	EndGlobalSection
	GlobalSection(ProjectConfigurationPlatforms) = postSolution
		{D947085E-FE58-4438-9857-A4B56B634F82}.Debug|Any CPU.ActiveCfg = Debug|Any CPU
		{D947085E-FE58-4438-9857-A4B56B634F82}.Debug|Any CPU.Build.0 = Debug|Any CPU
		{D947085E-FE58-4438-9857-A4B56B634F82}.Release|Any CPU.ActiveCfg = Release|Any CPU
		{D947085E-FE58-4438-9857-A4B56B634F82}.Release|Any CPU.Build.0 = Release|Any CPU
		{CE19C7E3-08CB-4740-B665-C515E8BA94DF}.Debug|Any CPU.ActiveCfg = Debug|Any CPU
		{CE19C7E3-08CB-4740-B665-C515E8BA94DF}.Debug|Any CPU.Build.0 = Debug|Any CPU
		{CE19C7E3-08CB-4740-B665-C515E8BA94DF}.Release|Any CPU.ActiveCfg = Release|Any CPU
		{CE19C7E3-08CB-4740-B665-C515E8BA94DF}.Release|Any CPU.Build.0 = Release|Any CPU
		{3A03E05B-F259-4736-946D-7D14F7D1E8D4}.Debug|Any CPU.ActiveCfg = Debug|Any CPU
		{3A03E05B-F259-4736-946D-7D14F7D1E8D4}.Debug|Any CPU.Build.0 = Debug|Any CPU
		{3A03E05B-F259-4736-946D-7D14F7D1E8D4}.Release|Any CPU.ActiveCfg = Release|Any CPU
		{3A03E05B-F259-4736-946D-7D14F7D1E8D4}.Release|Any CPU.Build.0 = Release|Any CPU
		{36BC83A6-6ED3-48F8-891E-A25845CEF533}.Debug|Any CPU.ActiveCfg = Debug|Any CPU
		{36BC83A6-6ED3-48F8-891E-A25845CEF533}.Debug|Any CPU.Build.0 = Debug|Any CPU
		{36BC83A6-6ED3-48F8-891E-A25845CEF533}.Release|Any CPU.ActiveCfg = Release|Any CPU
		{36BC83A6-6ED3-48F8-891E-A25845CEF533}.Release|Any CPU.Build.0 = Release|Any CPU
		{4043E9ED-34D4-4F8B-9C92-22883F9A2B38}.Debug|Any CPU.ActiveCfg = Debug|Any CPU
		{4043E9ED-34D4-4F8B-9C92-22883F9A2B38}.Debug|Any CPU.Build.0 = Debug|Any CPU
		{4043E9ED-34D4-4F8B-9C92-22883F9A2B38}.Release|Any CPU.ActiveCfg = Release|Any CPU
		{4043E9ED-34D4-4F8B-9C92-22883F9A2B38}.Release|Any CPU.Build.0 = Release|Any CPU
		{BDAD0947-72CE-494E-891A-E227BFA57FFA}.Debug|Any CPU.ActiveCfg = Debug|Any CPU
		{BDAD0947-72CE-494E-891A-E227BFA57FFA}.Debug|Any CPU.Build.0 = Debug|Any CPU
		{BDAD0947-72CE-494E-891A-E227BFA57FFA}.Release|Any CPU.ActiveCfg = Release|Any CPU
		{BDAD0947-72CE-494E-891A-E227BFA57FFA}.Release|Any CPU.Build.0 = Release|Any CPU
		{B1E0EF0F-FA37-4BD8-AA1A-5834B8EDCB58}.Debug|Any CPU.ActiveCfg = Debug|Any CPU
		{B1E0EF0F-FA37-4BD8-AA1A-5834B8EDCB58}.Debug|Any CPU.Build.0 = Debug|Any CPU
		{B1E0EF0F-FA37-4BD8-AA1A-5834B8EDCB58}.Release|Any CPU.ActiveCfg = Release|Any CPU
		{B1E0EF0F-FA37-4BD8-AA1A-5834B8EDCB58}.Release|Any CPU.Build.0 = Release|Any CPU
	EndGlobalSection
	GlobalSection(SolutionProperties) = preSolution
		HideSolutionNode = FALSE
	EndGlobalSection
	GlobalSection(ExtensibilityGlobals) = postSolution
		SolutionGuid = {72656A6C-B419-45C8-BEBC-94B65708A7BC}
	EndGlobalSection
EndGlobal
