
Microsoft Visual Studio Solution File, Format Version 12.00
# Visual Studio 15
VisualStudioVersion = 15.0.28307.421
MinimumVisualStudioVersion = 10.0.40219.1
Project("{FAE04EC0-301F-11D3-BF4B-00C04F79EFBC}") = "PropertyChanged", "PropertyChanged\PropertyChanged.csproj", "{37F37765-DEEE-441B-8D1C-8AA6E63B1426}"
EndProject
Project("{FAE04EC0-301F-11D3-BF4B-00C04F79EFBC}") = "NullArgument", "NullArgument\NullArgument.csproj", "{2756B765-8C29-4232-9A03-A8669DC5E64B}"
EndProject
Global
	GlobalSection(SolutionConfigurationPlatforms) = preSolution
		Debug|Any CPU = Debug|Any CPU
		Release|Any CPU = Release|Any CPU
	EndGlobalSection
	GlobalSection(ProjectConfigurationPlatforms) = postSolution
		{37F37765-DEEE-441B-8D1C-8AA6E63B1426}.Debug|Any CPU.ActiveCfg = Debug|Any CPU
		{37F37765-DEEE-441B-8D1C-8AA6E63B1426}.Debug|Any CPU.Build.0 = Debug|Any CPU
		{37F37765-DEEE-441B-8D1C-8AA6E63B1426}.Release|Any CPU.ActiveCfg = Release|Any CPU
		{37F37765-DEEE-441B-8D1C-8AA6E63B1426}.Release|Any CPU.Build.0 = Release|Any CPU
		{2756B765-8C29-4232-9A03-A8669DC5E64B}.Debug|Any CPU.ActiveCfg = Debug|Any CPU
		{2756B765-8C29-4232-9A03-A8669DC5E64B}.Debug|Any CPU.Build.0 = Debug|Any CPU
		{2756B765-8C29-4232-9A03-A8669DC5E64B}.Release|Any CPU.ActiveCfg = Release|Any CPU
		{2756B765-8C29-4232-9A03-A8669DC5E64B}.Release|Any CPU.Build.0 = Release|Any CPU
	EndGlobalSection
	GlobalSection(SolutionProperties) = preSolution
		HideSolutionNode = FALSE
	EndGlobalSection
	GlobalSection(ExtensibilityGlobals) = postSolution
		SolutionGuid = {CD623A8F-C37C-48BC-BF8C-8FC226D382F0}
	EndGlobalSection
EndGlobal
