
Microsoft Visual Studio Solution File, Format Version 12.00
# Visual Studio 15
VisualStudioVersion = 15.0.28307.421
MinimumVisualStudioVersion = 10.0.40219.1
Project("{FAE04EC0-301F-11D3-BF4B-00C04F79EFBC}") = "ConstructorInitializer", "ConstructorInitializer\ConstructorInitializer.csproj", "{9341BF6B-A310-4C9E-9AF6-215CCADF2258}"
EndProject
Project("{FAE04EC0-301F-11D3-BF4B-00C04F79EFBC}") = "ConstructorDefaultArgument", "ConstructorDefaultArgument\ConstructorDefaultArgument.csproj", "{77C9F74E-0047-4923-B181-FC6C49462EC7}"
EndProject
Project("{FAE04EC0-301F-11D3-BF4B-00C04F79EFBC}") = "CommonInitializerMethod", "CommonInitializerMethod\CommonInitializerMethod.csproj", "{D9C25A15-9CA7-4ED2-B5D2-1CE888F8A115}"
EndProject
Global
	GlobalSection(SolutionConfigurationPlatforms) = preSolution
		Debug|Any CPU = Debug|Any CPU
		Release|Any CPU = Release|Any CPU
	EndGlobalSection
	GlobalSection(ProjectConfigurationPlatforms) = postSolution
		{9341BF6B-A310-4C9E-9AF6-215CCADF2258}.Debug|Any CPU.ActiveCfg = Debug|Any CPU
		{9341BF6B-A310-4C9E-9AF6-215CCADF2258}.Debug|Any CPU.Build.0 = Debug|Any CPU
		{9341BF6B-A310-4C9E-9AF6-215CCADF2258}.Release|Any CPU.ActiveCfg = Release|Any CPU
		{9341BF6B-A310-4C9E-9AF6-215CCADF2258}.Release|Any CPU.Build.0 = Release|Any CPU
		{77C9F74E-0047-4923-B181-FC6C49462EC7}.Debug|Any CPU.ActiveCfg = Debug|Any CPU
		{77C9F74E-0047-4923-B181-FC6C49462EC7}.Debug|Any CPU.Build.0 = Debug|Any CPU
		{77C9F74E-0047-4923-B181-FC6C49462EC7}.Release|Any CPU.ActiveCfg = Release|Any CPU
		{77C9F74E-0047-4923-B181-FC6C49462EC7}.Release|Any CPU.Build.0 = Release|Any CPU
		{D9C25A15-9CA7-4ED2-B5D2-1CE888F8A115}.Debug|Any CPU.ActiveCfg = Debug|Any CPU
		{D9C25A15-9CA7-4ED2-B5D2-1CE888F8A115}.Debug|Any CPU.Build.0 = Debug|Any CPU
		{D9C25A15-9CA7-4ED2-B5D2-1CE888F8A115}.Release|Any CPU.ActiveCfg = Release|Any CPU
		{D9C25A15-9CA7-4ED2-B5D2-1CE888F8A115}.Release|Any CPU.Build.0 = Release|Any CPU
	EndGlobalSection
	GlobalSection(SolutionProperties) = preSolution
		HideSolutionNode = FALSE
	EndGlobalSection
	GlobalSection(ExtensibilityGlobals) = postSolution
		SolutionGuid = {4C975322-DD48-4DC7-A9A5-2D7FDE0124F9}
	EndGlobalSection
EndGlobal
